{
  "nodes": {
    "home-manager": {
      "inputs": {
        "nixpkgs": [
          "nixpkgs"
        ],
        "utils": "utils"
      },
      "locked": {
        "lastModified": 1669328018,
        "narHash": "sha256-aJRMobnNDEXKwoSZFS4hGjGU1WDNxkQ82BVKAEohOfY=",
        "owner": "nix-community",
        "repo": "home-manager",
        "rev": "62cb5bcf93896e4dd6b4507dac7ba2e2e3abc9d7",
        "type": "github"
      },
      "original": {
        "owner": "nix-community",
        "repo": "home-manager",
        "type": "github"
      }
    },
    "hyprland": {
      "inputs": {
        "nixpkgs": "nixpkgs",
        "wlroots": "wlroots"
      },
      "locked": {
        "lastModified": 1669323093,
        "narHash": "sha256-VWN0A6jSv+fKrNsi3fjNnYiy5fG0Kq7/imBWh5nP/qs=",
        "owner": "hyprwm",
        "repo": "Hyprland",
        "rev": "9616dc7bd865ae46fb23018a7d49741f81d472a8",
        "type": "github"
      },
      "original": {
        "owner": "hyprwm",
        "repo": "Hyprland",
        "type": "github"
      }
    },
    "nixpkgs": {
      "locked": {
        "lastModified": 1668765800,
        "narHash": "sha256-rC40+/W6Hio7b/RsY8SvQPKNx4WqNcTgfYv8cUMAvJk=",
        "owner": "NixOS",
        "repo": "nixpkgs",
        "rev": "52b2ac8ae18bbad4374ff0dd5aeee0fdf1aea739",
        "type": "github"
      },
      "original": {
        "owner": "NixOS",
        "ref": "nixos-unstable",
        "repo": "nixpkgs",
        "type": "github"
      }
    },
    "nixpkgs_2": {
      "locked": {
        "lastModified": 1669230746,
        "narHash": "sha256-+rU3DixJnygpJsGhhp6OvViruJux4TaiCz4IO+DdtZU=",
        "owner": "NixOS",
        "repo": "nixpkgs",
        "rev": "42337aad353c5efff4382d7bf99deda491459845",
        "type": "github"
      },
      "original": {
        "id": "nixpkgs",
        "ref": "nixos-unstable",
        "type": "indirect"
      }
    },
    "nixpkgs_3": {
      "locked": {
        "lastModified": 1669326790,
        "narHash": "sha256-tYtSZMWx6+1c3jYe9RMsMfS2Js4jv2tw2MoKBtd6V1o=",
        "owner": "nixos",
        "repo": "nixpkgs",
        "rev": "bee931454b4a2e40505dc7fd3590466d13b57759",
        "type": "github"
      },
      "original": {
        "owner": "nixos",
        "repo": "nixpkgs",
        "type": "github"
      }
    },
    "root": {
      "inputs": {
        "home-manager": "home-manager",
        "hyprland": "hyprland",
        "nixpkgs": "nixpkgs_2",
        "swww": "swww"
      }
    },
    "swww": {
      "inputs": {
        "nixpkgs": "nixpkgs_3"
      },
      "locked": {
        "lastModified": 1668114227,
        "narHash": "sha256-PZugfmNflbt/I29Dg4rVhjCR2UgZec7HSXbv9uX8Gig=",
        "owner": "thomascft",
        "repo": "swww",
        "rev": "08f3b2fd25c713c2f2e9a510d90b807b9b23d4ae",
        "type": "github"
      },
      "original": {
        "owner": "thomascft",
        "repo": "swww",
        "type": "github"
      }
    },
    "utils": {
      "locked": {
        "lastModified": 1667395993,
        "narHash": "sha256-nuEHfE/LcWyuSWnS8t12N1wc105Qtau+/OdUAjtQ0rA=",
        "owner": "numtide",
        "repo": "flake-utils",
        "rev": "5aed5285a952e0b949eb3ba02c12fa4fcfef535f",
        "type": "github"
      },
      "original": {
        "owner": "numtide",
        "repo": "flake-utils",
        "type": "github"
      }
    },
    "wlroots": {
      "flake": false,
      "locked": {
        "host": "gitlab.freedesktop.org",
        "lastModified": 1668785720,
        "narHash": "sha256-CX+PYJP2PxZWL380WzyMNsrfRgIb/78brdwvDg/zj28=",
        "owner": "wlroots",
        "repo": "wlroots",
        "rev": "4ff46e6cf9463e594605928feeb7c55cf323b5e7",
        "type": "gitlab"
      },
      "original": {
        "host": "gitlab.freedesktop.org",
        "owner": "wlroots",
        "repo": "wlroots",
        "type": "gitlab"
      }
    }
  },
  "root": "root",
  "version": 7
}
